
Microsoft Visual Studio Solution File, Format Version 12.00
# Visual Studio 2013
VisualStudioVersion = 12.0.30501.0
MinimumVisualStudioVersion = 10.0.40219.1
Project("{2150E333-8FDC-42A3-9474-1A3956D46DE8}") = "Samples", "Samples", "{DA2C0CFD-9A6C-4767-978B-474088013363}"
EndProject
Project("{FAE04EC0-301F-11D3-BF4B-00C04F79EFBC}") = "SampleApplication1", "Samples\SampleApplication1\SampleApplication1.csproj", "{7B97E326-A105-4470-B5AD-7E8B85715976}"
EndProject
Project("{FAE04EC0-301F-11D3-BF4B-00C04F79EFBC}") = "SampleApplication2", "Samples\SampleApplication2\SampleApplication2.csproj", "{AE447E4F-F746-4BA0-8AA5-870D16CFE4C4}"
EndProject
Project("{FAE04EC0-301F-11D3-BF4B-00C04F79EFBC}") = "SampleApplication3", "Samples\SampleApplication3\SampleApplication3.csproj", "{E98A7F06-41D3-4021-ADBB-69C35DD775E6}"
EndProject
Project("{FAE04EC0-301F-11D3-BF4B-00C04F79EFBC}") = "SampleApplication4", "Samples\SampleApplication4\SampleApplication4.csproj", "{723DE810-CF8A-4095-8808-DFE96B18ABC3}"
EndProject
Project("{FAE04EC0-301F-11D3-BF4B-00C04F79EFBC}") = "SampleApplication5", "Samples\SampleApplication5\SampleApplication5.csproj", "{EE55EC41-7DFA-4A43-ACFE-022309F567FF}"
EndProject
Project("{FAE04EC0-301F-11D3-BF4B-00C04F79EFBC}") = "SampleApplication6", "Samples\SampleApplication6\SampleApplication6.csproj", "{F1FC5CC5-1B78-4AEA-B083-ED99442D67F5}"
EndProject
Project("{FAE04EC0-301F-11D3-BF4B-00C04F79EFBC}") = "SampleApplication6.Muffins", "Samples\SampleApplication6.Muffins\SampleApplication6.Muffins.csproj", "{EA99F931-A49D-41C7-95D8-507AA0F57F46}"
EndProject
Project("{FAE04EC0-301F-11D3-BF4B-00C04F79EFBC}") = "MuffinFramework", "MuffinFramework\MuffinFramework.csproj", "{A58DC523-D333-4D24-BA57-6FF1C2CAE43D}"
EndProject
Project("{FAE04EC0-301F-11D3-BF4B-00C04F79EFBC}") = "MuffinFramework.Tests", "MuffinFramework.Tests\MuffinFramework.Tests.csproj", "{F4379B2C-75ED-41E9-B658-484380E39111}"
EndProject
Project("{FAE04EC0-301F-11D3-BF4B-00C04F79EFBC}") = "MuffinFramework.NET", "MuffinFramework.NET\MuffinFramework.NET.csproj", "{B4C4AF75-6128-46E8-89EF-1B898396A937}"
EndProject
Global
	GlobalSection(SolutionConfigurationPlatforms) = preSolution
		Debug|Any CPU = Debug|Any CPU
		Release|Any CPU = Release|Any CPU
	EndGlobalSection
	GlobalSection(ProjectConfigurationPlatforms) = postSolution
		{7B97E326-A105-4470-B5AD-7E8B85715976}.Debug|Any CPU.ActiveCfg = Debug|Any CPU
		{7B97E326-A105-4470-B5AD-7E8B85715976}.Debug|Any CPU.Build.0 = Debug|Any CPU
		{7B97E326-A105-4470-B5AD-7E8B85715976}.Release|Any CPU.ActiveCfg = Release|Any CPU
		{7B97E326-A105-4470-B5AD-7E8B85715976}.Release|Any CPU.Build.0 = Release|Any CPU
		{AE447E4F-F746-4BA0-8AA5-870D16CFE4C4}.Debug|Any CPU.ActiveCfg = Debug|Any CPU
		{AE447E4F-F746-4BA0-8AA5-870D16CFE4C4}.Debug|Any CPU.Build.0 = Debug|Any CPU
		{AE447E4F-F746-4BA0-8AA5-870D16CFE4C4}.Release|Any CPU.ActiveCfg = Release|Any CPU
		{AE447E4F-F746-4BA0-8AA5-870D16CFE4C4}.Release|Any CPU.Build.0 = Release|Any CPU
		{E98A7F06-41D3-4021-ADBB-69C35DD775E6}.Debug|Any CPU.ActiveCfg = Debug|Any CPU
		{E98A7F06-41D3-4021-ADBB-69C35DD775E6}.Debug|Any CPU.Build.0 = Debug|Any CPU
		{E98A7F06-41D3-4021-ADBB-69C35DD775E6}.Release|Any CPU.ActiveCfg = Release|Any CPU
		{E98A7F06-41D3-4021-ADBB-69C35DD775E6}.Release|Any CPU.Build.0 = Release|Any CPU
		{723DE810-CF8A-4095-8808-DFE96B18ABC3}.Debug|Any CPU.ActiveCfg = Debug|Any CPU
		{723DE810-CF8A-4095-8808-DFE96B18ABC3}.Debug|Any CPU.Build.0 = Debug|Any CPU
		{723DE810-CF8A-4095-8808-DFE96B18ABC3}.Release|Any CPU.ActiveCfg = Release|Any CPU
		{723DE810-CF8A-4095-8808-DFE96B18ABC3}.Release|Any CPU.Build.0 = Release|Any CPU
		{EE55EC41-7DFA-4A43-ACFE-022309F567FF}.Debug|Any CPU.ActiveCfg = Debug|Any CPU
		{EE55EC41-7DFA-4A43-ACFE-022309F567FF}.Debug|Any CPU.Build.0 = Debug|Any CPU
		{EE55EC41-7DFA-4A43-ACFE-022309F567FF}.Release|Any CPU.ActiveCfg = Release|Any CPU
		{EE55EC41-7DFA-4A43-ACFE-022309F567FF}.Release|Any CPU.Build.0 = Release|Any CPU
		{F1FC5CC5-1B78-4AEA-B083-ED99442D67F5}.Debug|Any CPU.ActiveCfg = Debug|Any CPU
		{F1FC5CC5-1B78-4AEA-B083-ED99442D67F5}.Debug|Any CPU.Build.0 = Debug|Any CPU
		{F1FC5CC5-1B78-4AEA-B083-ED99442D67F5}.Release|Any CPU.ActiveCfg = Release|Any CPU
		{F1FC5CC5-1B78-4AEA-B083-ED99442D67F5}.Release|Any CPU.Build.0 = Release|Any CPU
		{EA99F931-A49D-41C7-95D8-507AA0F57F46}.Debug|Any CPU.ActiveCfg = Debug|Any CPU
		{EA99F931-A49D-41C7-95D8-507AA0F57F46}.Debug|Any CPU.Build.0 = Debug|Any CPU
		{EA99F931-A49D-41C7-95D8-507AA0F57F46}.Release|Any CPU.ActiveCfg = Release|Any CPU
		{EA99F931-A49D-41C7-95D8-507AA0F57F46}.Release|Any CPU.Build.0 = Release|Any CPU
		{A58DC523-D333-4D24-BA57-6FF1C2CAE43D}.Debug|Any CPU.ActiveCfg = Debug|Any CPU
		{A58DC523-D333-4D24-BA57-6FF1C2CAE43D}.Debug|Any CPU.Build.0 = Debug|Any CPU
		{A58DC523-D333-4D24-BA57-6FF1C2CAE43D}.Release|Any CPU.ActiveCfg = Release|Any CPU
		{A58DC523-D333-4D24-BA57-6FF1C2CAE43D}.Release|Any CPU.Build.0 = Release|Any CPU
		{F4379B2C-75ED-41E9-B658-484380E39111}.Debug|Any CPU.ActiveCfg = Debug|Any CPU
		{F4379B2C-75ED-41E9-B658-484380E39111}.Debug|Any CPU.Build.0 = Debug|Any CPU
		{F4379B2C-75ED-41E9-B658-484380E39111}.Release|Any CPU.ActiveCfg = Release|Any CPU
		{F4379B2C-75ED-41E9-B658-484380E39111}.Release|Any CPU.Build.0 = Release|Any CPU
		{B4C4AF75-6128-46E8-89EF-1B898396A937}.Debug|Any CPU.ActiveCfg = Debug|Any CPU
		{B4C4AF75-6128-46E8-89EF-1B898396A937}.Debug|Any CPU.Build.0 = Debug|Any CPU
		{B4C4AF75-6128-46E8-89EF-1B898396A937}.Release|Any CPU.ActiveCfg = Release|Any CPU
		{B4C4AF75-6128-46E8-89EF-1B898396A937}.Release|Any CPU.Build.0 = Release|Any CPU
	EndGlobalSection
	GlobalSection(SolutionProperties) = preSolution
		HideSolutionNode = FALSE
	EndGlobalSection
	GlobalSection(NestedProjects) = preSolution
		{7B97E326-A105-4470-B5AD-7E8B85715976} = {DA2C0CFD-9A6C-4767-978B-474088013363}
		{AE447E4F-F746-4BA0-8AA5-870D16CFE4C4} = {DA2C0CFD-9A6C-4767-978B-474088013363}
		{E98A7F06-41D3-4021-ADBB-69C35DD775E6} = {DA2C0CFD-9A6C-4767-978B-474088013363}
		{723DE810-CF8A-4095-8808-DFE96B18ABC3} = {DA2C0CFD-9A6C-4767-978B-474088013363}
		{EE55EC41-7DFA-4A43-ACFE-022309F567FF} = {DA2C0CFD-9A6C-4767-978B-474088013363}
		{F1FC5CC5-1B78-4AEA-B083-ED99442D67F5} = {DA2C0CFD-9A6C-4767-978B-474088013363}
		{EA99F931-A49D-41C7-95D8-507AA0F57F46} = {DA2C0CFD-9A6C-4767-978B-474088013363}
	EndGlobalSection
EndGlobal
